
Microsoft Visual Studio Solution File, Format Version 12.00
# Visual Studio 14
VisualStudioVersion = 14.0.25420.1
MinimumVisualStudioVersion = 10.0.40219.1
Project("{FAE04EC0-301F-11D3-BF4B-00C04F79EFBC}") = "Akka.Streams.Alpakka.File", "Akka.Streams.Alpakka.File\Akka.Streams.Alpakka.File.csproj", "{6E0D4E1F-8550-4114-9CD8-55576B7D9B61}"
EndProject
Project("{FAE04EC0-301F-11D3-BF4B-00C04F79EFBC}") = "Akka.Streams.Alpakka.File.Tests", "Akka.Streams.Alpakka.File.Tests\Akka.Streams.Alpakka.File.Tests.csproj", "{6D7D88F0-A651-4D5E-A646-53A7A4755491}"
EndProject
Global
	GlobalSection(SolutionConfigurationPlatforms) = preSolution
		Debug|Any CPU = Debug|Any CPU
		Release|Any CPU = Release|Any CPU
	EndGlobalSection
	GlobalSection(ProjectConfigurationPlatforms) = postSolution
		{6E0D4E1F-8550-4114-9CD8-55576B7D9B61}.Debug|Any CPU.ActiveCfg = Debug|Any CPU
		{6E0D4E1F-8550-4114-9CD8-55576B7D9B61}.Debug|Any CPU.Build.0 = Debug|Any CPU
		{6E0D4E1F-8550-4114-9CD8-55576B7D9B61}.Release|Any CPU.ActiveCfg = Release|Any CPU
		{6E0D4E1F-8550-4114-9CD8-55576B7D9B61}.Release|Any CPU.Build.0 = Release|Any CPU
		{6D7D88F0-A651-4D5E-A646-53A7A4755491}.Debug|Any CPU.ActiveCfg = Debug|Any CPU
		{6D7D88F0-A651-4D5E-A646-53A7A4755491}.Debug|Any CPU.Build.0 = Debug|Any CPU
		{6D7D88F0-A651-4D5E-A646-53A7A4755491}.Release|Any CPU.ActiveCfg = Release|Any CPU
		{6D7D88F0-A651-4D5E-A646-53A7A4755491}.Release|Any CPU.Build.0 = Release|Any CPU
	EndGlobalSection
	GlobalSection(SolutionProperties) = preSolution
		HideSolutionNode = FALSE
	EndGlobalSection
EndGlobal
